// !$*UTF8*$!
{
	archiveVersion = 1;
	classes = {
	};
	objectVersion = 50;
	objects = {

/* Begin PBXBuildFile section */
		756E2ABD266D010A0089E222 /* Tests_iOS.swift in Sources */ = {isa = PBXBuildFile; fileRef = 756E2ABC266D010A0089E222 /* Tests_iOS.swift */; };
		756E2AC8266D010A0089E222 /* Tests_macOS.swift in Sources */ = {isa = PBXBuildFile; fileRef = 756E2AC7266D010A0089E222 /* Tests_macOS.swift */; };
		756E2ACA266D010A0089E222 /* githubaApp.swift in Sources */ = {isa = PBXBuildFile; fileRef = 756E2AA1266D01090089E222 /* githubaApp.swift */; };
		756E2ACB266D010A0089E222 /* githubaApp.swift in Sources */ = {isa = PBXBuildFile; fileRef = 756E2AA1266D01090089E222 /* githubaApp.swift */; };
		756E2ACC266D010A0089E222 /* ContentView.swift in Sources */ = {isa = PBXBuildFile; fileRef = 756E2AA2266D01090089E222 /* ContentView.swift */; };
		756E2ACD266D010A0089E222 /* ContentView.swift in Sources */ = {isa = PBXBuildFile; fileRef = 756E2AA2266D01090089E222 /* ContentView.swift */; };
		756E2ACE266D010A0089E222 /* Assets.xcassets in Resources */ = {isa = PBXBuildFile; fileRef = 756E2AA3266D010A0089E222 /* Assets.xcassets */; };
		756E2ACF266D010A0089E222 /* Assets.xcassets in Resources */ = {isa = PBXBuildFile; fileRef = 756E2AA3266D010A0089E222 /* Assets.xcassets */; };
/* End PBXBuildFile section */

/* Begin PBXContainerItemProxy section */
		756E2AB9266D010A0089E222 /* PBXContainerItemProxy */ = {
			isa = PBXContainerItemProxy;
			containerPortal = 756E2A9C266D01090089E222 /* Project object */;
			proxyType = 1;
			remoteGlobalIDString = 756E2AA7266D010A0089E222;
			remoteInfo = "githuba (iOS)";
		};
		756E2AC4266D010A0089E222 /* PBXContainerItemProxy */ = {
			isa = PBXContainerItemProxy;
			containerPortal = 756E2A9C266D01090089E222 /* Project object */;
			proxyType = 1;
			remoteGlobalIDString = 756E2AAF266D010A0089E222;
			remoteInfo = "githuba (macOS)";
		};
/* End PBXContainerItemProxy section */

/* Begin PBXFileReference section */
		756E2AA1266D01090089E222 /* githubaApp.swift */ = {isa = PBXFileReference; lastKnownFileType = sourcecode.swift; path = githubaApp.swift; sourceTree = "<group>"; };
		756E2AA2266D01090089E222 /* ContentView.swift */ = {isa = PBXFileReference; lastKnownFileType = sourcecode.swift; path = ContentView.swift; sourceTree = "<group>"; };
		756E2AA3266D010A0089E222 /* Assets.xcassets */ = {isa = PBXFileReference; lastKnownFileType = folder.assetcatalog; path = Assets.xcassets; sourceTree = "<group>"; };
		756E2AA8266D010A0089E222 /* githuba.app */ = {isa = PBXFileReference; explicitFileType = wrapper.application; includeInIndex = 0; path = githuba.app; sourceTree = BUILT_PRODUCTS_DIR; };
		756E2AAB266D010A0089E222 /* Info.plist */ = {isa = PBXFileReference; lastKnownFileType = text.plist.xml; path = Info.plist; sourceTree = "<group>"; };
		756E2AB0266D010A0089E222 /* githuba.app */ = {isa = PBXFileReference; explicitFileType = wrapper.application; includeInIndex = 0; path = githuba.app; sourceTree = BUILT_PRODUCTS_DIR; };
		756E2AB2266D010A0089E222 /* Info.plist */ = {isa = PBXFileReference; lastKnownFileType = text.plist.xml; path = Info.plist; sourceTree = "<group>"; };
		756E2AB3266D010A0089E222 /* macOS.entitlements */ = {isa = PBXFileReference; lastKnownFileType = text.plist.entitlements; path = macOS.entitlements; sourceTree = "<group>"; };
		756E2AB8266D010A0089E222 /* Tests iOS.xctest */ = {isa = PBXFileReference; explicitFileType = wrapper.cfbundle; includeInIndex = 0; path = "Tests iOS.xctest"; sourceTree = BUILT_PRODUCTS_DIR; };
		756E2ABC266D010A0089E222 /* Tests_iOS.swift */ = {isa = PBXFileReference; lastKnownFileType = sourcecode.swift; path = Tests_iOS.swift; sourceTree = "<group>"; };
		756E2ABE266D010A0089E222 /* Info.plist */ = {isa = PBXFileReference; lastKnownFileType = text.plist.xml; path = Info.plist; sourceTree = "<group>"; };
		756E2AC3266D010A0089E222 /* Tests macOS.xctest */ = {isa = PBXFileReference; explicitFileType = wrapper.cfbundle; includeInIndex = 0; path = "Tests macOS.xctest"; sourceTree = BUILT_PRODUCTS_DIR; };
		756E2AC7266D010A0089E222 /* Tests_macOS.swift */ = {isa = PBXFileReference; lastKnownFileType = sourcecode.swift; path = Tests_macOS.swift; sourceTree = "<group>"; };
		756E2AC9266D010A0089E222 /* Info.plist */ = {isa = PBXFileReference; lastKnownFileType = text.plist.xml; path = Info.plist; sourceTree = "<group>"; };
/* End PBXFileReference section */

/* Begin PBXFrameworksBuildPhase section */
		756E2AA5266D010A0089E222 /* Frameworks */ = {
			isa = PBXFrameworksBuildPhase;
			buildActionMask = 2147483647;
			files = (
			);
			runOnlyForDeploymentPostprocessing = 0;
		};
		756E2AAD266D010A0089E222 /* Frameworks */ = {
			isa = PBXFrameworksBuildPhase;
			buildActionMask = 2147483647;
			files = (
			);
			runOnlyForDeploymentPostprocessing = 0;
		};
		756E2AB5266D010A0089E222 /* Frameworks */ = {
			isa = PBXFrameworksBuildPhase;
			buildActionMask = 2147483647;
			files = (
			);
			runOnlyForDeploymentPostprocessing = 0;
		};
		756E2AC0266D010A0089E222 /* Frameworks */ = {
			isa = PBXFrameworksBuildPhase;
			buildActionMask = 2147483647;
			files = (
			);
			runOnlyForDeploymentPostprocessing = 0;
		};
/* End PBXFrameworksBuildPhase section */

/* Begin PBXGroup section */
		756E2A9B266D01090089E222 = {
			isa = PBXGroup;
			children = (
				756E2AA0266D01090089E222 /* Shared */,
				756E2AAA266D010A0089E222 /* iOS */,
				756E2AB1266D010A0089E222 /* macOS */,
				756E2ABB266D010A0089E222 /* Tests iOS */,
				756E2AC6266D010A0089E222 /* Tests macOS */,
				756E2AA9266D010A0089E222 /* Products */,
			);
			sourceTree = "<group>";
		};
		756E2AA0266D01090089E222 /* Shared */ = {
			isa = PBXGroup;
			children = (
				756E2AA1266D01090089E222 /* githubaApp.swift */,
				756E2AA2266D01090089E222 /* ContentView.swift */,
				756E2AA3266D010A0089E222 /* Assets.xcassets */,
			);
			path = Shared;
			sourceTree = "<group>";
		};
		756E2AA9266D010A0089E222 /* Products */ = {
			isa = PBXGroup;
			children = (
				756E2AA8266D010A0089E222 /* githuba.app */,
				756E2AB0266D010A0089E222 /* githuba.app */,
				756E2AB8266D010A0089E222 /* Tests iOS.xctest */,
				756E2AC3266D010A0089E222 /* Tests macOS.xctest */,
			);
			name = Products;
			sourceTree = "<group>";
		};
		756E2AAA266D010A0089E222 /* iOS */ = {
			isa = PBXGroup;
			children = (
				756E2AAB266D010A0089E222 /* Info.plist */,
			);
			path = iOS;
			sourceTree = "<group>";
		};
		756E2AB1266D010A0089E222 /* macOS */ = {
			isa = PBXGroup;
			children = (
				756E2AB2266D010A0089E222 /* Info.plist */,
				756E2AB3266D010A0089E222 /* macOS.entitlements */,
			);
			path = macOS;
			sourceTree = "<group>";
		};
		756E2ABB266D010A0089E222 /* Tests iOS */ = {
			isa = PBXGroup;
			children = (
				756E2ABC266D010A0089E222 /* Tests_iOS.swift */,
				756E2ABE266D010A0089E222 /* Info.plist */,
			);
			path = "Tests iOS";
			sourceTree = "<group>";
		};
		756E2AC6266D010A0089E222 /* Tests macOS */ = {
			isa = PBXGroup;
			children = (
				756E2AC7266D010A0089E222 /* Tests_macOS.swift */,
				756E2AC9266D010A0089E222 /* Info.plist */,
			);
			path = "Tests macOS";
			sourceTree = "<group>";
		};
/* End PBXGroup section */

/* Begin PBXNativeTarget section */
		756E2AA7266D010A0089E222 /* githuba (iOS) */ = {
			isa = PBXNativeTarget;
			buildConfigurationList = 756E2AD2266D010A0089E222 /* Build configuration list for PBXNativeTarget "githuba (iOS)" */;
			buildPhases = (
				756E2AA4266D010A0089E222 /* Sources */,
				756E2AA5266D010A0089E222 /* Frameworks */,
				756E2AA6266D010A0089E222 /* Resources */,
			);
			buildRules = (
			);
			dependencies = (
			);
			name = "githuba (iOS)";
			productName = "githuba (iOS)";
			productReference = 756E2AA8266D010A0089E222 /* githuba.app */;
			productType = "com.apple.product-type.application";
		};
		756E2AAF266D010A0089E222 /* githuba (macOS) */ = {
			isa = PBXNativeTarget;
			buildConfigurationList = 756E2AD5266D010A0089E222 /* Build configuration list for PBXNativeTarget "githuba (macOS)" */;
			buildPhases = (
				756E2AAC266D010A0089E222 /* Sources */,
				756E2AAD266D010A0089E222 /* Frameworks */,
				756E2AAE266D010A0089E222 /* Resources */,
			);
			buildRules = (
			);
			dependencies = (
			);
			name = "githuba (macOS)";
			productName = "githuba (macOS)";
			productReference = 756E2AB0266D010A0089E222 /* githuba.app */;
			productType = "com.apple.product-type.application";
		};
		756E2AB7266D010A0089E222 /* Tests iOS */ = {
			isa = PBXNativeTarget;
			buildConfigurationList = 756E2AD8266D010A0089E222 /* Build configuration list for PBXNativeTarget "Tests iOS" */;
			buildPhases = (
				756E2AB4266D010A0089E222 /* Sources */,
				756E2AB5266D010A0089E222 /* Frameworks */,
				756E2AB6266D010A0089E222 /* Resources */,
			);
			buildRules = (
			);
			dependencies = (
				756E2ABA266D010A0089E222 /* PBXTargetDependency */,
			);
			name = "Tests iOS";
			productName = "Tests iOS";
			productReference = 756E2AB8266D010A0089E222 /* Tests iOS.xctest */;
			productType = "com.apple.product-type.bundle.ui-testing";
		};
		756E2AC2266D010A0089E222 /* Tests macOS */ = {
			isa = PBXNativeTarget;
			buildConfigurationList = 756E2ADB266D010A0089E222 /* Build configuration list for PBXNativeTarget "Tests macOS" */;
			buildPhases = (
				756E2ABF266D010A0089E222 /* Sources */,
				756E2AC0266D010A0089E222 /* Frameworks */,
				756E2AC1266D010A0089E222 /* Resources */,
			);
			buildRules = (
			);
			dependencies = (
				756E2AC5266D010A0089E222 /* PBXTargetDependency */,
			);
			name = "Tests macOS";
			productName = "Tests macOS";
			productReference = 756E2AC3266D010A0089E222 /* Tests macOS.xctest */;
			productType = "com.apple.product-type.bundle.ui-testing";
		};
/* End PBXNativeTarget section */

/* Begin PBXProject section */
		756E2A9C266D01090089E222 /* Project object */ = {
			isa = PBXProject;
			attributes = {
				LastSwiftUpdateCheck = 1250;
				LastUpgradeCheck = 1250;
				TargetAttributes = {
					756E2AA7266D010A0089E222 = {
						CreatedOnToolsVersion = 12.5;
					};
					756E2AAF266D010A0089E222 = {
						CreatedOnToolsVersion = 12.5;
					};
					756E2AB7266D010A0089E222 = {
						CreatedOnToolsVersion = 12.5;
						TestTargetID = 756E2AA7266D010A0089E222;
					};
					756E2AC2266D010A0089E222 = {
						CreatedOnToolsVersion = 12.5;
						TestTargetID = 756E2AAF266D010A0089E222;
					};
				};
			};
			buildConfigurationList = 756E2A9F266D01090089E222 /* Build configuration list for PBXProject "githuba" */;
			compatibilityVersion = "Xcode 9.3";
			developmentRegion = en;
			hasScannedForEncodings = 0;
			knownRegions = (
				en,
				Base,
			);
			mainGroup = 756E2A9B266D01090089E222;
			productRefGroup = 756E2AA9266D010A0089E222 /* Products */;
			projectDirPath = "";
			projectRoot = "";
			targets = (
				756E2AA7266D010A0089E222 /* githuba (iOS) */,
				756E2AAF266D010A0089E222 /* githuba (macOS) */,
				756E2AB7266D010A0089E222 /* Tests iOS */,
				756E2AC2266D010A0089E222 /* Tests macOS */,
			);
		};
/* End PBXProject section */

/* Begin PBXResourcesBuildPhase section */
		756E2AA6266D010A0089E222 /* Resources */ = {
			isa = PBXResourcesBuildPhase;
			buildActionMask = 2147483647;
			files = (
				756E2ACE266D010A0089E222 /* Assets.xcassets in Resources */,
			);
			runOnlyForDeploymentPostprocessing = 0;
		};
		756E2AAE266D010A0089E222 /* Resources */ = {
			isa = PBXResourcesBuildPhase;
			buildActionMask = 2147483647;
			files = (
				756E2ACF266D010A0089E222 /* Assets.xcassets in Resources */,
			);
			runOnlyForDeploymentPostprocessing = 0;
		};
		756E2AB6266D010A0089E222 /* Resources */ = {
			isa = PBXResourcesBuildPhase;
			buildActionMask = 2147483647;
			files = (
			);
			runOnlyForDeploymentPostprocessing = 0;
		};
		756E2AC1266D010A0089E222 /* Resources */ = {
			isa = PBXResourcesBuildPhase;
			buildActionMask = 2147483647;
			files = (
			);
			runOnlyForDeploymentPostprocessing = 0;
		};
/* End PBXResourcesBuildPhase section */

/* Begin PBXSourcesBuildPhase section */
		756E2AA4266D010A0089E222 /* Sources */ = {
			isa = PBXSourcesBuildPhase;
			buildActionMask = 2147483647;
			files = (
				756E2ACC266D010A0089E222 /* ContentView.swift in Sources */,
				756E2ACA266D010A0089E222 /* githubaApp.swift in Sources */,
			);
			runOnlyForDeploymentPostprocessing = 0;
		};
		756E2AAC266D010A0089E222 /* Sources */ = {
			isa = PBXSourcesBuildPhase;
			buildActionMask = 2147483647;
			files = (
				756E2ACD266D010A0089E222 /* ContentView.swift in Sources */,
				756E2ACB266D010A0089E222 /* githubaApp.swift in Sources */,
			);
			runOnlyForDeploymentPostprocessing = 0;
		};
		756E2AB4266D010A0089E222 /* Sources */ = {
			isa = PBXSourcesBuildPhase;
			buildActionMask = 2147483647;
			files = (
				756E2ABD266D010A0089E222 /* Tests_iOS.swift in Sources */,
			);
			runOnlyForDeploymentPostprocessing = 0;
		};
		756E2ABF266D010A0089E222 /* Sources */ = {
			isa = PBXSourcesBuildPhase;
			buildActionMask = 2147483647;
			files = (
				756E2AC8266D010A0089E222 /* Tests_macOS.swift in Sources */,
			);
			runOnlyForDeploymentPostprocessing = 0;
		};
/* End PBXSourcesBuildPhase section */

/* Begin PBXTargetDependency section */
		756E2ABA266D010A0089E222 /* PBXTargetDependency */ = {
			isa = PBXTargetDependency;
			target = 756E2AA7266D010A0089E222 /* githuba (iOS) */;
			targetProxy = 756E2AB9266D010A0089E222 /* PBXContainerItemProxy */;
		};
		756E2AC5266D010A0089E222 /* PBXTargetDependency */ = {
			isa = PBXTargetDependency;
			target = 756E2AAF266D010A0089E222 /* githuba (macOS) */;
			targetProxy = 756E2AC4266D010A0089E222 /* PBXContainerItemProxy */;
		};
/* End PBXTargetDependency section */

/* Begin XCBuildConfiguration section */
		756E2AD0266D010A0089E222 /* Debug */ = {
			isa = XCBuildConfiguration;
			buildSettings = {
				ALWAYS_SEARCH_USER_PATHS = NO;
				CLANG_ANALYZER_NONNULL = YES;
				CLANG_ANALYZER_NUMBER_OBJECT_CONVERSION = YES_AGGRESSIVE;
				CLANG_CXX_LANGUAGE_STANDARD = "gnu++14";
				CLANG_CXX_LIBRARY = "libc++";
				CLANG_ENABLE_MODULES = YES;
				CLANG_ENABLE_OBJC_ARC = YES;
				CLANG_ENABLE_OBJC_WEAK = YES;
				CLANG_WARN_BLOCK_CAPTURE_AUTORELEASING = YES;
				CLANG_WARN_BOOL_CONVERSION = YES;
				CLANG_WARN_COMMA = YES;
				CLANG_WARN_CONSTANT_CONVERSION = YES;
				CLANG_WARN_DEPRECATED_OBJC_IMPLEMENTATIONS = YES;
				CLANG_WARN_DIRECT_OBJC_ISA_USAGE = YES_ERROR;
				CLANG_WARN_DOCUMENTATION_COMMENTS = YES;
				CLANG_WARN_EMPTY_BODY = YES;
				CLANG_WARN_ENUM_CONVERSION = YES;
				CLANG_WARN_INFINITE_RECURSION = YES;
				CLANG_WARN_INT_CONVERSION = YES;
				CLANG_WARN_NON_LITERAL_NULL_CONVERSION = YES;
				CLANG_WARN_OBJC_IMPLICIT_RETAIN_SELF = YES;
				CLANG_WARN_OBJC_LITERAL_CONVERSION = YES;
				CLANG_WARN_OBJC_ROOT_CLASS = YES_ERROR;
				CLANG_WARN_QUOTED_INCLUDE_IN_FRAMEWORK_HEADER = YES;
				CLANG_WARN_RANGE_LOOP_ANALYSIS = YES;
				CLANG_WARN_STRICT_PROTOTYPES = YES;
				CLANG_WARN_SUSPICIOUS_MOVE = YES;
				CLANG_WARN_UNGUARDED_AVAILABILITY = YES_AGGRESSIVE;
				CLANG_WARN_UNREACHABLE_CODE = YES;
				CLANG_WARN__DUPLICATE_METHOD_MATCH = YES;
				COPY_PHASE_STRIP = NO;
				DEBUG_INFORMATION_FORMAT = dwarf;
				ENABLE_STRICT_OBJC_MSGSEND = YES;
				ENABLE_TESTABILITY = YES;
				GCC_C_LANGUAGE_STANDARD = gnu11;
				GCC_DYNAMIC_NO_PIC = NO;
				GCC_NO_COMMON_BLOCKS = YES;
				GCC_OPTIMIZATION_LEVEL = 0;
				GCC_PREPROCESSOR_DEFINITIONS = (
					"DEBUG=1",
					"$(inherited)",
				);
				GCC_WARN_64_TO_32_BIT_CONVERSION = YES;
				GCC_WARN_ABOUT_RETURN_TYPE = YES_ERROR;
				GCC_WARN_UNDECLARED_SELECTOR = YES;
				GCC_WARN_UNINITIALIZED_AUTOS = YES_AGGRESSIVE;
				GCC_WARN_UNUSED_FUNCTION = YES;
				GCC_WARN_UNUSED_VARIABLE = YES;
				MTL_ENABLE_DEBUG_INFO = INCLUDE_SOURCE;
				MTL_FAST_MATH = YES;
				ONLY_ACTIVE_ARCH = YES;
				SWIFT_ACTIVE_COMPILATION_CONDITIONS = DEBUG;
				SWIFT_OPTIMIZATION_LEVEL = "-Onone";
			};
			name = Debug;
		};
		756E2AD1266D010A0089E222 /* Release */ = {
			isa = XCBuildConfiguration;
			buildSettings = {
				ALWAYS_SEARCH_USER_PATHS = NO;
				CLANG_ANALYZER_NONNULL = YES;
				CLANG_ANALYZER_NUMBER_OBJECT_CONVERSION = YES_AGGRESSIVE;
				CLANG_CXX_LANGUAGE_STANDARD = "gnu++14";
				CLANG_CXX_LIBRARY = "libc++";
				CLANG_ENABLE_MODULES = YES;
				CLANG_ENABLE_OBJC_ARC = YES;
				CLANG_ENABLE_OBJC_WEAK = YES;
				CLANG_WARN_BLOCK_CAPTURE_AUTORELEASING = YES;
				CLANG_WARN_BOOL_CONVERSION = YES;
				CLANG_WARN_COMMA = YES;
				CLANG_WARN_CONSTANT_CONVERSION = YES;
				CLANG_WARN_DEPRECATED_OBJC_IMPLEMENTATIONS = YES;
				CLANG_WARN_DIRECT_OBJC_ISA_USAGE = YES_ERROR;
				CLANG_WARN_DOCUMENTATION_COMMENTS = YES;
				CLANG_WARN_EMPTY_BODY = YES;
				CLANG_WARN_ENUM_CONVERSION = YES;
				CLANG_WARN_INFINITE_RECURSION = YES;
				CLANG_WARN_INT_CONVERSION = YES;
				CLANG_WARN_NON_LITERAL_NULL_CONVERSION = YES;
				CLANG_WARN_OBJC_IMPLICIT_RETAIN_SELF = YES;
				CLANG_WARN_OBJC_LITERAL_CONVERSION = YES;
				CLANG_WARN_OBJC_ROOT_CLASS = YES_ERROR;
				CLANG_WARN_QUOTED_INCLUDE_IN_FRAMEWORK_HEADER = YES;
				CLANG_WARN_RANGE_LOOP_ANALYSIS = YES;
				CLANG_WARN_STRICT_PROTOTYPES = YES;
				CLANG_WARN_SUSPICIOUS_MOVE = YES;
				CLANG_WARN_UNGUARDED_AVAILABILITY = YES_AGGRESSIVE;
				CLANG_WARN_UNREACHABLE_CODE = YES;
				CLANG_WARN__DUPLICATE_METHOD_MATCH = YES;
				COPY_PHASE_STRIP = NO;
				DEBUG_INFORMATION_FORMAT = "dwarf-with-dsym";
				ENABLE_NS_ASSERTIONS = NO;
				ENABLE_STRICT_OBJC_MSGSEND = YES;
				GCC_C_LANGUAGE_STANDARD = gnu11;
				GCC_NO_COMMON_BLOCKS = YES;
				GCC_WARN_64_TO_32_BIT_CONVERSION = YES;
				GCC_WARN_ABOUT_RETURN_TYPE = YES_ERROR;
				GCC_WARN_UNDECLARED_SELECTOR = YES;
				GCC_WARN_UNINITIALIZED_AUTOS = YES_AGGRESSIVE;
				GCC_WARN_UNUSED_FUNCTION = YES;
				GCC_WARN_UNUSED_VARIABLE = YES;
				MTL_ENABLE_DEBUG_INFO = NO;
				MTL_FAST_MATH = YES;
				SWIFT_COMPILATION_MODE = wholemodule;
				SWIFT_OPTIMIZATION_LEVEL = "-O";
			};
			name = Release;
		};
		756E2AD3266D010A0089E222 /* Debug */ = {
			isa = XCBuildConfiguration;
			buildSettings = {
				ASSETCATALOG_COMPILER_APPICON_NAME = AppIcon;
				ASSETCATALOG_COMPILER_GLOBAL_ACCENT_COLOR_NAME = AccentColor;
				CODE_SIGN_STYLE = Automatic;
				DEVELOPMENT_TEAM = C588WVY738;
				ENABLE_PREVIEWS = YES;
				INFOPLIST_FILE = iOS/Info.plist;
				IPHONEOS_DEPLOYMENT_TARGET = 14.0;
				LD_RUNPATH_SEARCH_PATHS = (
					"$(inherited)",
					"@executable_path/Frameworks",
				);
				PRODUCT_BUNDLE_IDENTIFIER = com.kazuki.githuba;
				PRODUCT_NAME = githuba;
				SDKROOT = iphoneos;
				SWIFT_VERSION = 5.0;
				TARGETED_DEVICE_FAMILY = "1,2";
			};
			name = Debug;
		};
		756E2AD4266D010A0089E222 /* Release */ = {
			isa = XCBuildConfiguration;
			buildSettings = {
				ASSETCATALOG_COMPILER_APPICON_NAME = AppIcon;
				ASSETCATALOG_COMPILER_GLOBAL_ACCENT_COLOR_NAME = AccentColor;
				CODE_SIGN_STYLE = Automatic;
				DEVELOPMENT_TEAM = C588WVY738;
				ENABLE_PREVIEWS = YES;
				INFOPLIST_FILE = iOS/Info.plist;
				IPHONEOS_DEPLOYMENT_TARGET = 14.0;
				LD_RUNPATH_SEARCH_PATHS = (
					"$(inherited)",
					"@executable_path/Frameworks",
				);
				PRODUCT_BUNDLE_IDENTIFIER = com.kazuki.githuba;
				PRODUCT_NAME = githuba;
				SDKROOT = iphoneos;
				SWIFT_VERSION = 5.0;
				TARGETED_DEVICE_FAMILY = "1,2";
				VALIDATE_PRODUCT = YES;
			};
			name = Release;
		};
		756E2AD6266D010A0089E222 /* Debug */ = {
			isa = XCBuildConfiguration;
			buildSettings = {
				ASSETCATALOG_COMPILER_APPICON_NAME = AppIcon;
				ASSETCATALOG_COMPILER_GLOBAL_ACCENT_COLOR_NAME = AccentColor;
				CODE_SIGN_ENTITLEMENTS = macOS/macOS.entitlements;
				CODE_SIGN_STYLE = Automatic;
				COMBINE_HIDPI_IMAGES = YES;
				DEVELOPMENT_TEAM = C588WVY738;
				ENABLE_HARDENED_RUNTIME = YES;
				ENABLE_PREVIEWS = YES;
				INFOPLIST_FILE = macOS/Info.plist;
				LD_RUNPATH_SEARCH_PATHS = (
					"$(inherited)",
					"@executable_path/../Frameworks",
				);
				MACOSX_DEPLOYMENT_TARGET = 11.0;
				PRODUCT_BUNDLE_IDENTIFIER = com.kazuki.githuba;
				PRODUCT_NAME = githuba;
				SDKROOT = macosx;
				SWIFT_VERSION = 5.0;
			};
			name = Debug;
		};
		756E2AD7266D010A0089E222 /* Release */ = {
			isa = XCBuildConfiguration;
			buildSettings = {
				ASSETCATALOG_COMPILER_APPICON_NAME = AppIcon;
				ASSETCATALOG_COMPILER_GLOBAL_ACCENT_COLOR_NAME = AccentColor;
				CODE_SIGN_ENTITLEMENTS = macOS/macOS.entitlements;
				CODE_SIGN_STYLE = Automatic;
				COMBINE_HIDPI_IMAGES = YES;
				DEVELOPMENT_TEAM = C588WVY738;
				ENABLE_HARDENED_RUNTIME = YES;
				ENABLE_PREVIEWS = YES;
				INFOPLIST_FILE = macOS/Info.plist;
				LD_RUNPATH_SEARCH_PATHS = (
					"$(inherited)",
					"@executable_path/../Frameworks",
				);
				MACOSX_DEPLOYMENT_TARGET = 11.0;
				PRODUCT_BUNDLE_IDENTIFIER = com.kazuki.githuba;
				PRODUCT_NAME = githuba;
				SDKROOT = macosx;
				SWIFT_VERSION = 5.0;
			};
			name = Release;
		};
		756E2AD9266D010A0089E222 /* Debug */ = {
			isa = XCBuildConfiguration;
			buildSettings = {
				ALWAYS_EMBED_SWIFT_STANDARD_LIBRARIES = YES;
				CODE_SIGN_STYLE = Automatic;
				DEVELOPMENT_TEAM = C588WVY738;
				INFOPLIST_FILE = "Tests iOS/Info.plist";
				IPHONEOS_DEPLOYMENT_TARGET = 14.5;
				LD_RUNPATH_SEARCH_PATHS = (
					"$(inherited)",
					"@executable_path/Frameworks",
					"@loader_path/Frameworks",
				);
				PRODUCT_BUNDLE_IDENTIFIER = "com.kazuki.Tests-iOS";
				PRODUCT_NAME = "$(TARGET_NAME)";
				SDKROOT = iphoneos;
				SWIFT_VERSION = 5.0;
				TARGETED_DEVICE_FAMILY = "1,2";
				TEST_TARGET_NAME = "githuba (iOS)";
			};
			name = Debug;
		};
		756E2ADA266D010A0089E222 /* Release */ = {
			isa = XCBuildConfiguration;
			buildSettings = {
				ALWAYS_EMBED_SWIFT_STANDARD_LIBRARIES = YES;
				CODE_SIGN_STYLE = Automatic;
				DEVELOPMENT_TEAM = C588WVY738;
				INFOPLIST_FILE = "Tests iOS/Info.plist";
				IPHONEOS_DEPLOYMENT_TARGET = 14.5;
				LD_RUNPATH_SEARCH_PATHS = (
					"$(inherited)",
					"@executable_path/Frameworks",
					"@loader_path/Frameworks",
				);
				PRODUCT_BUNDLE_IDENTIFIER = "com.kazuki.Tests-iOS";
				PRODUCT_NAME = "$(TARGET_NAME)";
				SDKROOT = iphoneos;
				SWIFT_VERSION = 5.0;
				TARGETED_DEVICE_FAMILY = "1,2";
				TEST_TARGET_NAME = "githuba (iOS)";
				VALIDATE_PRODUCT = YES;
			};
			name = Release;
		};
		756E2ADC266D010A0089E222 /* Debug */ = {
			isa = XCBuildConfiguration;
			buildSettings = {
				ALWAYS_EMBED_SWIFT_STANDARD_LIBRARIES = YES;
				CODE_SIGN_STYLE = Automatic;
				COMBINE_HIDPI_IMAGES = YES;
				DEVELOPMENT_TEAM = C588WVY738;
				INFOPLIST_FILE = "Tests macOS/Info.plist";
				LD_RUNPATH_SEARCH_PATHS = (
					"$(inherited)",
					"@executable_path/../Frameworks",
					"@loader_path/../Frameworks",
				);
				MACOSX_DEPLOYMENT_TARGET = 11.2;
				PRODUCT_BUNDLE_IDENTIFIER = "com.kazuki.Tests-macOS";
				PRODUCT_NAME = "$(TARGET_NAME)";
				SDKROOT = macosx;
				SWIFT_VERSION = 5.0;
				TEST_TARGET_NAME = "githuba (macOS)";
			};
			name = Debug;
		};
		756E2ADD266D010A0089E222 /* Release */ = {
			isa = XCBuildConfiguration;
			buildSettings = {
				ALWAYS_EMBED_SWIFT_STANDARD_LIBRARIES = YES;
				CODE_SIGN_STYLE = Automatic;
				COMBINE_HIDPI_IMAGES = YES;
				DEVELOPMENT_TEAM = C588WVY738;
				INFOPLIST_FILE = "Tests macOS/Info.plist";
				LD_RUNPATH_SEARCH_PATHS = (
					"$(inherited)",
					"@executable_path/../Frameworks",
					"@loader_path/../Frameworks",
				);
				MACOSX_DEPLOYMENT_TARGET = 11.2;
				PRODUCT_BUNDLE_IDENTIFIER = "com.kazuki.Tests-macOS";
				PRODUCT_NAME = "$(TARGET_NAME)";
				SDKROOT = macosx;
				SWIFT_VERSION = 5.0;
				TEST_TARGET_NAME = "githuba (macOS)";
			};
			name = Release;
		};
/* End XCBuildConfiguration section */

/* Begin XCConfigurationList section */
		756E2A9F266D01090089E222 /* Build configuration list for PBXProject "githuba" */ = {
			isa = XCConfigurationList;
			buildConfigurations = (
				756E2AD0266D010A0089E222 /* Debug */,
				756E2AD1266D010A0089E222 /* Release */,
			);
			defaultConfigurationIsVisible = 0;
			defaultConfigurationName = Release;
		};
		756E2AD2266D010A0089E222 /* Build configuration list for PBXNativeTarget "githuba (iOS)" */ = {
			isa = XCConfigurationList;
			buildConfigurations = (
				756E2AD3266D010A0089E222 /* Debug */,
				756E2AD4266D010A0089E222 /* Release */,
			);
			defaultConfigurationIsVisible = 0;
			defaultConfigurationName = Release;
		};
		756E2AD5266D010A0089E222 /* Build configuration list for PBXNativeTarget "githuba (macOS)" */ = {
			isa = XCConfigurationList;
			buildConfigurations = (
				756E2AD6266D010A0089E222 /* Debug */,
				756E2AD7266D010A0089E222 /* Release */,
			);
			defaultConfigurationIsVisible = 0;
			defaultConfigurationName = Release;
		};
		756E2AD8266D010A0089E222 /* Build configuration list for PBXNativeTarget "Tests iOS" */ = {
			isa = XCConfigurationList;
			buildConfigurations = (
				756E2AD9266D010A0089E222 /* Debug */,
				756E2ADA266D010A0089E222 /* Release */,
			);
			defaultConfigurationIsVisible = 0;
			defaultConfigurationName = Release;
		};
		756E2ADB266D010A0089E222 /* Build configuration list for PBXNativeTarget "Tests macOS" */ = {
			isa = XCConfigurationList;
			buildConfigurations = (
				756E2ADC266D010A0089E222 /* Debug */,
				756E2ADD266D010A0089E222 /* Release */,
			);
			defaultConfigurationIsVisible = 0;
			defaultConfigurationName = Release;
		};
/* End XCConfigurationList section */
	};
	rootObject = 756E2A9C266D01090089E222 /* Project object */;
}
